<?xml version="1.0" encoding="utf-8"?>
<Project ToolsVersion="4.0" xmlns="http://schemas.microsoft.com/developer/msbuild/2003">
  <ItemGroup>
    <ClInclude Include="..\inc\ads1115\ADS1115.h">
      <Filter>Header Files\ads1115</Filter>
    </ClInclude>
    <ClInclude Include="..\inc\ads1115\error.h">
      <Filter>Header Files\ads1115</Filter>
    </ClInclude>
    <ClInclude Include="..\inc\ftdi\ftdi_common.h">
      <Filter>Header Files\ftdi</Filter>
    </ClInclude>
    <ClInclude Include="..\inc\ftdi\ftdi_infra.h">
      <Filter>Header Files\ftdi</Filter>
    </ClInclude>
    <ClInclude Include="..\inc\ftdi\ftdi_mid.h">
      <Filter>Header Files\ftdi</Filter>
    </ClInclude>
    <ClInclude Include="..\inc\libmpsse\libmpsse_i2c.h">
      <Filter>Header Files\libmpsse</Filter>
    </ClInclude>
    <ClInclude Include="..\inc\libmpsse\libmpsse_spi.h">
      <Filter>Header Files\libmpsse</Filter>
    </ClInclude>
    <ClInclude Include="..\inc\ft232h_ads1115.hpp">
      <Filter>Header Files</Filter>
    </ClInclude>
    <ClInclude Include="..\inc\libftd2xx\ftd2xx.h">
      <Filter>Header Files\libftd2xx</Filter>
    </ClInclude>
    <ClInclude Include="..\inc\libftd2xx\WinTypes.h">
      <Filter>Header Files\libftd2xx</Filter>
    </ClInclude>
  </ItemGroup>
  <ItemGroup>
    <Filter Include="Header Files">
      <UniqueIdentifier>{552d5c11-29e6-4c71-97ed-db483f821fb7}</UniqueIdentifier>
    </Filter>
    <Filter Include="Source Files">
      <UniqueIdentifier>{0d7cc8fd-6359-4747-bbfc-047e40fe1726}</UniqueIdentifier>
    </Filter>
    <Filter Include="Header Files\ads1115">
      <UniqueIdentifier>{97d34429-ccff-4712-b23e-b50c240d7a49}</UniqueIdentifier>
    </Filter>
    <Filter Include="Header Files\ftdi">
      <UniqueIdentifier>{54bfa265-a3bf-4bae-bb33-f35837ed95cd}</UniqueIdentifier>
    </Filter>
    <Filter Include="Header Files\libftd2xx">
      <UniqueIdentifier>{140dd27d-df1a-46d1-bb66-5c97e507cdec}</UniqueIdentifier>
    </Filter>
    <Filter Include="Library">
      <UniqueIdentifier>{4c721eda-f34d-4a0f-9436-12a2c097c623}</UniqueIdentifier>
    </Filter>
    <Filter Include="Header Files\libmpsse">
      <UniqueIdentifier>{ffadd898-f2bb-42b6-8fed-5aca65997af0}</UniqueIdentifier>
    </Filter>
  </ItemGroup>
  <ItemGroup>
    <Library Include="..\lib\x64\LIB\libmpsse.lib">
      <Filter>Library</Filter>
    </Library>
  </ItemGroup>
  <ItemGroup>
    <ClCompile Include="..\src\example.cpp">
      <Filter>Source Files</Filter>
    </ClCompile>
    <ClCompile Include="..\src\ft232h_ads1115.cpp">
      <Filter>Source Files</Filter>
    </ClCompile>
  </ItemGroup>
</Project>