
Microsoft Visual Studio Solution File, Format Version 12.00
# Visual Studio Version 17
VisualStudioVersion = 17.7.34031.279
MinimumVisualStudioVersion = 10.0.40219.1
Project("{8BC9CEB8-8B4A-11D0-8D11-00A0C91BC942}") = "ADS1115-I2C", "ads1115-i2c.vcxproj", "{EB9957A6-25EF-4010-AD5F-FB165F2C1F5F}"
EndProject
Global
	GlobalSection(SolutionConfigurationPlatforms) = preSolution
		Debug|x64 = Debug|x64
		Debug|x86 = Debug|x86
		Release|x64 = Release|x64
		Release|x86 = Release|x86
	EndGlobalSection
	GlobalSection(ProjectConfigurationPlatforms) = postSolution
		{EB9957A6-25EF-4010-AD5F-FB165F2C1F5F}.Debug|x64.ActiveCfg = Debug|x64
		{EB9957A6-25EF-4010-AD5F-FB165F2C1F5F}.Debug|x64.Build.0 = Debug|x64
		{EB9957A6-25EF-4010-AD5F-FB165F2C1F5F}.Debug|x86.ActiveCfg = Debug|Win32
		{EB9957A6-25EF-4010-AD5F-FB165F2C1F5F}.Debug|x86.Build.0 = Debug|Win32
		{EB9957A6-25EF-4010-AD5F-FB165F2C1F5F}.Release|x64.ActiveCfg = Release|x64
		{EB9957A6-25EF-4010-AD5F-FB165F2C1F5F}.Release|x64.Build.0 = Release|x64
		{EB9957A6-25EF-4010-AD5F-FB165F2C1F5F}.Release|x86.ActiveCfg = Release|Win32
		{EB9957A6-25EF-4010-AD5F-FB165F2C1F5F}.Release|x86.Build.0 = Release|Win32
	EndGlobalSection
	GlobalSection(SolutionProperties) = preSolution
		HideSolutionNode = FALSE
	EndGlobalSection
	GlobalSection(ExtensibilityGlobals) = postSolution
		SolutionGuid = {93F459FA-9272-4AF9-B737-94DE4D34C610}
	EndGlobalSection
EndGlobal
